// !$*UTF8*$!
{
	archiveVersion = 1;
	classes = {
	};
	objectVersion = 46;
	objects = {

/* Begin PBXBuildFile section */
		26061CC419DC044500B390D0 /* main.m in Sources */ = {isa = PBXBuildFile; fileRef = 26061CC319DC044500B390D0 /* main.m */; };
		26061CDE19DC044500B390D0 /* GHUnitTestTests.m in Sources */ = {isa = PBXBuildFile; fileRef = 26061CDD19DC044500B390D0 /* GHUnitTestTests.m */; };
		26061CE719DC06B300B390D0 /* Util.m in Sources */ = {isa = PBXBuildFile; fileRef = 26061CE619DC06B300B390D0 /* Util.m */; };
		26061CE819DC06FB00B390D0 /* Util.m in Sources */ = {isa = PBXBuildFile; fileRef = 26061CE619DC06B300B390D0 /* Util.m */; };
		26061CEB19DC077300B390D0 /* UtilTest.m in Sources */ = {isa = PBXBuildFile; fileRef = 26061CEA19DC077300B390D0 /* UtilTest.m */; };
		2DA9031D19DB9C82007A6134 /* main.m in Sources */ = {isa = PBXBuildFile; fileRef = 2DA9031C19DB9C82007A6134 /* main.m */; };
		2DA9032019DB9C82007A6134 /* AppDelegate.m in Sources */ = {isa = PBXBuildFile; fileRef = 2DA9031F19DB9C82007A6134 /* AppDelegate.m */; };
		2DA9032319DB9C82007A6134 /* ViewController.m in Sources */ = {isa = PBXBuildFile; fileRef = 2DA9032219DB9C82007A6134 /* ViewController.m */; };
		2DA9032619DB9C82007A6134 /* Main.storyboard in Resources */ = {isa = PBXBuildFile; fileRef = 2DA9032419DB9C82007A6134 /* Main.storyboard */; };
		2DA9032819DB9C82007A6134 /* Images.xcassets in Resources */ = {isa = PBXBuildFile; fileRef = 2DA9032719DB9C82007A6134 /* Images.xcassets */; };
		2DA9032B19DB9C82007A6134 /* LaunchScreen.xib in Resources */ = {isa = PBXBuildFile; fileRef = 2DA9032919DB9C82007A6134 /* LaunchScreen.xib */; };
		2DA9033719DB9C82007A6134 /* Sample1Tests.m in Sources */ = {isa = PBXBuildFile; fileRef = 2DA9033619DB9C82007A6134 /* Sample1Tests.m */; };
		2DA9034219DBA230007A6134 /* PushViewController.m in Sources */ = {isa = PBXBuildFile; fileRef = 2DA9034119DBA230007A6134 /* PushViewController.m */; };
		2DA9034519DBA241007A6134 /* ModalViewController.m in Sources */ = {isa = PBXBuildFile; fileRef = 2DA9034419DBA241007A6134 /* ModalViewController.m */; };
		EC460BA8986CC7BE8B1BD400 /* libPods-Sample1.a in Frameworks */ = {isa = PBXBuildFile; fileRef = 1CD96F7398BC0AD27FEB4ECE /* libPods-Sample1.a */; };
/* End PBXBuildFile section */

/* Begin PBXContainerItemProxy section */
		26061CD819DC044500B390D0 /* PBXContainerItemProxy */ = {
			isa = PBXContainerItemProxy;
			containerPortal = 2DA9030F19DB9C82007A6134 /* Project object */;
			proxyType = 1;
			remoteGlobalIDString = 26061CBE19DC044500B390D0;
			remoteInfo = GHUnitTest;
		};
		2DA9033119DB9C82007A6134 /* PBXContainerItemProxy */ = {
			isa = PBXContainerItemProxy;
			containerPortal = 2DA9030F19DB9C82007A6134 /* Project object */;
			proxyType = 1;
			remoteGlobalIDString = 2DA9031619DB9C82007A6134;
			remoteInfo = Sample1;
		};
/* End PBXContainerItemProxy section */

/* Begin PBXFileReference section */
		1CD96F7398BC0AD27FEB4ECE /* libPods-Sample1.a */ = {isa = PBXFileReference; explicitFileType = archive.ar; includeInIndex = 0; path = "libPods-Sample1.a"; sourceTree = BUILT_PRODUCTS_DIR; };
		26061CBF19DC044500B390D0 /* GHUnitTest.app */ = {isa = PBXFileReference; explicitFileType = wrapper.application; includeInIndex = 0; path = GHUnitTest.app; sourceTree = BUILT_PRODUCTS_DIR; };
		26061CC219DC044500B390D0 /* Info.plist */ = {isa = PBXFileReference; lastKnownFileType = text.plist.xml; path = Info.plist; sourceTree = "<group>"; };
		26061CC319DC044500B390D0 /* main.m */ = {isa = PBXFileReference; lastKnownFileType = sourcecode.c.objc; path = main.m; sourceTree = "<group>"; };
		26061CD719DC044500B390D0 /* GHUnitTestTests.xctest */ = {isa = PBXFileReference; explicitFileType = wrapper.cfbundle; includeInIndex = 0; path = GHUnitTestTests.xctest; sourceTree = BUILT_PRODUCTS_DIR; };
		26061CDC19DC044500B390D0 /* Info.plist */ = {isa = PBXFileReference; lastKnownFileType = text.plist.xml; path = Info.plist; sourceTree = "<group>"; };
		26061CDD19DC044500B390D0 /* GHUnitTestTests.m */ = {isa = PBXFileReference; lastKnownFileType = sourcecode.c.objc; path = GHUnitTestTests.m; sourceTree = "<group>"; };
		26061CE519DC06B300B390D0 /* Util.h */ = {isa = PBXFileReference; fileEncoding = 4; lastKnownFileType = sourcecode.c.h; path = Util.h; sourceTree = "<group>"; };
		26061CE619DC06B300B390D0 /* Util.m */ = {isa = PBXFileReference; fileEncoding = 4; lastKnownFileType = sourcecode.c.objc; path = Util.m; sourceTree = "<group>"; };
		26061CE919DC077300B390D0 /* UtilTest.h */ = {isa = PBXFileReference; fileEncoding = 4; lastKnownFileType = sourcecode.c.h; path = UtilTest.h; sourceTree = "<group>"; };
		26061CEA19DC077300B390D0 /* UtilTest.m */ = {isa = PBXFileReference; fileEncoding = 4; lastKnownFileType = sourcecode.c.objc; path = UtilTest.m; sourceTree = "<group>"; };
		2DA9031719DB9C82007A6134 /* Sample1.app */ = {isa = PBXFileReference; explicitFileType = wrapper.application; includeInIndex = 0; path = Sample1.app; sourceTree = BUILT_PRODUCTS_DIR; };
		2DA9031B19DB9C82007A6134 /* Info.plist */ = {isa = PBXFileReference; lastKnownFileType = text.plist.xml; path = Info.plist; sourceTree = "<group>"; };
		2DA9031C19DB9C82007A6134 /* main.m */ = {isa = PBXFileReference; lastKnownFileType = sourcecode.c.objc; path = main.m; sourceTree = "<group>"; };
		2DA9031E19DB9C82007A6134 /* AppDelegate.h */ = {isa = PBXFileReference; lastKnownFileType = sourcecode.c.h; path = AppDelegate.h; sourceTree = "<group>"; };
		2DA9031F19DB9C82007A6134 /* AppDelegate.m */ = {isa = PBXFileReference; lastKnownFileType = sourcecode.c.objc; path = AppDelegate.m; sourceTree = "<group>"; };
		2DA9032119DB9C82007A6134 /* ViewController.h */ = {isa = PBXFileReference; lastKnownFileType = sourcecode.c.h; path = ViewController.h; sourceTree = "<group>"; };
		2DA9032219DB9C82007A6134 /* ViewController.m */ = {isa = PBXFileReference; lastKnownFileType = sourcecode.c.objc; path = ViewController.m; sourceTree = "<group>"; };
		2DA9032519DB9C82007A6134 /* Base */ = {isa = PBXFileReference; lastKnownFileType = file.storyboard; name = Base; path = Base.lproj/Main.storyboard; sourceTree = "<group>"; };
		2DA9032719DB9C82007A6134 /* Images.xcassets */ = {isa = PBXFileReference; lastKnownFileType = folder.assetcatalog; path = Images.xcassets; sourceTree = "<group>"; };
		2DA9032A19DB9C82007A6134 /* Base */ = {isa = PBXFileReference; lastKnownFileType = file.xib; name = Base; path = Base.lproj/LaunchScreen.xib; sourceTree = "<group>"; };
		2DA9033019DB9C82007A6134 /* Sample1Tests.xctest */ = {isa = PBXFileReference; explicitFileType = wrapper.cfbundle; includeInIndex = 0; path = Sample1Tests.xctest; sourceTree = BUILT_PRODUCTS_DIR; };
		2DA9033519DB9C82007A6134 /* Info.plist */ = {isa = PBXFileReference; lastKnownFileType = text.plist.xml; path = Info.plist; sourceTree = "<group>"; };
		2DA9033619DB9C82007A6134 /* Sample1Tests.m */ = {isa = PBXFileReference; lastKnownFileType = sourcecode.c.objc; path = Sample1Tests.m; sourceTree = "<group>"; };
		2DA9034019DBA230007A6134 /* PushViewController.h */ = {isa = PBXFileReference; fileEncoding = 4; lastKnownFileType = sourcecode.c.h; path = PushViewController.h; sourceTree = "<group>"; };
		2DA9034119DBA230007A6134 /* PushViewController.m */ = {isa = PBXFileReference; fileEncoding = 4; lastKnownFileType = sourcecode.c.objc; path = PushViewController.m; sourceTree = "<group>"; };
		2DA9034319DBA241007A6134 /* ModalViewController.h */ = {isa = PBXFileReference; fileEncoding = 4; lastKnownFileType = sourcecode.c.h; path = ModalViewController.h; sourceTree = "<group>"; };
		2DA9034419DBA241007A6134 /* ModalViewController.m */ = {isa = PBXFileReference; fileEncoding = 4; lastKnownFileType = sourcecode.c.objc; path = ModalViewController.m; sourceTree = "<group>"; };
		A995498E006DC5371E3C544E /* Pods-Sample1.debug.xcconfig */ = {isa = PBXFileReference; includeInIndex = 1; lastKnownFileType = text.xcconfig; name = "Pods-Sample1.debug.xcconfig"; path = "Pods/Target Support Files/Pods-Sample1/Pods-Sample1.debug.xcconfig"; sourceTree = "<group>"; };
		B5903CC7C2750737610A8243 /* Pods-Sample1.release.xcconfig */ = {isa = PBXFileReference; includeInIndex = 1; lastKnownFileType = text.xcconfig; name = "Pods-Sample1.release.xcconfig"; path = "Pods/Target Support Files/Pods-Sample1/Pods-Sample1.release.xcconfig"; sourceTree = "<group>"; };
/* End PBXFileReference section */

/* Begin PBXFrameworksBuildPhase section */
		26061CBC19DC044500B390D0 /* Frameworks */ = {
			isa = PBXFrameworksBuildPhase;
			buildActionMask = 2147483647;
			files = (
			);
			runOnlyForDeploymentPostprocessing = 0;
		};
		26061CD419DC044500B390D0 /* Frameworks */ = {
			isa = PBXFrameworksBuildPhase;
			buildActionMask = 2147483647;
			files = (
			);
			runOnlyForDeploymentPostprocessing = 0;
		};
		2DA9031419DB9C82007A6134 /* Frameworks */ = {
			isa = PBXFrameworksBuildPhase;
			buildActionMask = 2147483647;
			files = (
				EC460BA8986CC7BE8B1BD400 /* libPods-Sample1.a in Frameworks */,
			);
			runOnlyForDeploymentPostprocessing = 0;
		};
		2DA9032D19DB9C82007A6134 /* Frameworks */ = {
			isa = PBXFrameworksBuildPhase;
			buildActionMask = 2147483647;
			files = (
			);
			runOnlyForDeploymentPostprocessing = 0;
		};
/* End PBXFrameworksBuildPhase section */

/* Begin PBXGroup section */
		26061CC019DC044500B390D0 /* GHUnitTest */ = {
			isa = PBXGroup;
			children = (
				26061CC119DC044500B390D0 /* Supporting Files */,
				26061CE919DC077300B390D0 /* UtilTest.h */,
				26061CEA19DC077300B390D0 /* UtilTest.m */,
			);
			path = GHUnitTest;
			sourceTree = "<group>";
		};
		26061CC119DC044500B390D0 /* Supporting Files */ = {
			isa = PBXGroup;
			children = (
				26061CC219DC044500B390D0 /* Info.plist */,
				26061CC319DC044500B390D0 /* main.m */,
			);
			name = "Supporting Files";
			sourceTree = "<group>";
		};
		26061CDA19DC044500B390D0 /* GHUnitTestTests */ = {
			isa = PBXGroup;
			children = (
				26061CDD19DC044500B390D0 /* GHUnitTestTests.m */,
				26061CDB19DC044500B390D0 /* Supporting Files */,
			);
			path = GHUnitTestTests;
			sourceTree = "<group>";
		};
		26061CDB19DC044500B390D0 /* Supporting Files */ = {
			isa = PBXGroup;
			children = (
				26061CDC19DC044500B390D0 /* Info.plist */,
			);
			name = "Supporting Files";
			sourceTree = "<group>";
		};
		2A70753D47FD1F57C6540651 /* Frameworks */ = {
			isa = PBXGroup;
			children = (
				1CD96F7398BC0AD27FEB4ECE /* libPods-Sample1.a */,
			);
			name = Frameworks;
			sourceTree = "<group>";
		};
		2DA9030E19DB9C82007A6134 = {
			isa = PBXGroup;
			children = (
				2DA9031919DB9C82007A6134 /* Sample1 */,
				2DA9033319DB9C82007A6134 /* Sample1Tests */,
				26061CC019DC044500B390D0 /* GHUnitTest */,
				26061CDA19DC044500B390D0 /* GHUnitTestTests */,
				2DA9031819DB9C82007A6134 /* Products */,
				981BF857ABC6DAE0ED51A533 /* Pods */,
				2A70753D47FD1F57C6540651 /* Frameworks */,
			);
			sourceTree = "<group>";
		};
		2DA9031819DB9C82007A6134 /* Products */ = {
			isa = PBXGroup;
			children = (
				2DA9031719DB9C82007A6134 /* Sample1.app */,
				2DA9033019DB9C82007A6134 /* Sample1Tests.xctest */,
				26061CBF19DC044500B390D0 /* GHUnitTest.app */,
				26061CD719DC044500B390D0 /* GHUnitTestTests.xctest */,
			);
			name = Products;
			sourceTree = "<group>";
		};
		2DA9031919DB9C82007A6134 /* Sample1 */ = {
			isa = PBXGroup;
			children = (
				2DA9031E19DB9C82007A6134 /* AppDelegate.h */,
				2DA9031F19DB9C82007A6134 /* AppDelegate.m */,
				2DA9032119DB9C82007A6134 /* ViewController.h */,
				2DA9032219DB9C82007A6134 /* ViewController.m */,
				2DA9032419DB9C82007A6134 /* Main.storyboard */,
				2DA9032719DB9C82007A6134 /* Images.xcassets */,
				2DA9032919DB9C82007A6134 /* LaunchScreen.xib */,
				2DA9031A19DB9C82007A6134 /* Supporting Files */,
				2DA9034019DBA230007A6134 /* PushViewController.h */,
				2DA9034119DBA230007A6134 /* PushViewController.m */,
				2DA9034319DBA241007A6134 /* ModalViewController.h */,
				2DA9034419DBA241007A6134 /* ModalViewController.m */,
				26061CE519DC06B300B390D0 /* Util.h */,
				26061CE619DC06B300B390D0 /* Util.m */,
			);
			path = Sample1;
			sourceTree = "<group>";
		};
		2DA9031A19DB9C82007A6134 /* Supporting Files */ = {
			isa = PBXGroup;
			children = (
				2DA9031B19DB9C82007A6134 /* Info.plist */,
				2DA9031C19DB9C82007A6134 /* main.m */,
			);
			name = "Supporting Files";
			sourceTree = "<group>";
		};
		2DA9033319DB9C82007A6134 /* Sample1Tests */ = {
			isa = PBXGroup;
			children = (
				2DA9033619DB9C82007A6134 /* Sample1Tests.m */,
				2DA9033419DB9C82007A6134 /* Supporting Files */,
			);
			path = Sample1Tests;
			sourceTree = "<group>";
		};
		2DA9033419DB9C82007A6134 /* Supporting Files */ = {
			isa = PBXGroup;
			children = (
				2DA9033519DB9C82007A6134 /* Info.plist */,
			);
			name = "Supporting Files";
			sourceTree = "<group>";
		};
		981BF857ABC6DAE0ED51A533 /* Pods */ = {
			isa = PBXGroup;
			children = (
				A995498E006DC5371E3C544E /* Pods-Sample1.debug.xcconfig */,
				B5903CC7C2750737610A8243 /* Pods-Sample1.release.xcconfig */,
			);
			name = Pods;
			sourceTree = "<group>";
		};
/* End PBXGroup section */

/* Begin PBXNativeTarget section */
		26061CBE19DC044500B390D0 /* GHUnitTest */ = {
			isa = PBXNativeTarget;
			buildConfigurationList = 26061CE319DC044500B390D0 /* Build configuration list for PBXNativeTarget "GHUnitTest" */;
			buildPhases = (
				26061CBB19DC044500B390D0 /* Sources */,
				26061CBC19DC044500B390D0 /* Frameworks */,
				26061CBD19DC044500B390D0 /* Resources */,
			);
			buildRules = (
			);
			dependencies = (
			);
			name = GHUnitTest;
			productName = GHUnitTest;
			productReference = 26061CBF19DC044500B390D0 /* GHUnitTest.app */;
			productType = "com.apple.product-type.application";
		};
		26061CD619DC044500B390D0 /* GHUnitTestTests */ = {
			isa = PBXNativeTarget;
			buildConfigurationList = 26061CE419DC044500B390D0 /* Build configuration list for PBXNativeTarget "GHUnitTestTests" */;
			buildPhases = (
				26061CD319DC044500B390D0 /* Sources */,
				26061CD419DC044500B390D0 /* Frameworks */,
				26061CD519DC044500B390D0 /* Resources */,
			);
			buildRules = (
			);
			dependencies = (
				26061CD919DC044500B390D0 /* PBXTargetDependency */,
			);
			name = GHUnitTestTests;
			productName = GHUnitTestTests;
			productReference = 26061CD719DC044500B390D0 /* GHUnitTestTests.xctest */;
			productType = "com.apple.product-type.bundle.unit-test";
		};
		2DA9031619DB9C82007A6134 /* Sample1 */ = {
			isa = PBXNativeTarget;
			buildConfigurationList = 2DA9033A19DB9C82007A6134 /* Build configuration list for PBXNativeTarget "Sample1" */;
			buildPhases = (
				148E95C19A3345EEBD35924B /* Check Pods Manifest.lock */,
				2DA9031319DB9C82007A6134 /* Sources */,
				2DA9031419DB9C82007A6134 /* Frameworks */,
				2DA9031519DB9C82007A6134 /* Resources */,
				284DC31D0DAAD96036682B6B /* Copy Pods Resources */,
			);
			buildRules = (
			);
			dependencies = (
			);
			name = Sample1;
			productName = Sample1;
			productReference = 2DA9031719DB9C82007A6134 /* Sample1.app */;
			productType = "com.apple.product-type.application";
		};
		2DA9032F19DB9C82007A6134 /* Sample1Tests */ = {
			isa = PBXNativeTarget;
			buildConfigurationList = 2DA9033D19DB9C82007A6134 /* Build configuration list for PBXNativeTarget "Sample1Tests" */;
			buildPhases = (
				2DA9032C19DB9C82007A6134 /* Sources */,
				2DA9032D19DB9C82007A6134 /* Frameworks */,
				2DA9032E19DB9C82007A6134 /* Resources */,
			);
			buildRules = (
			);
			dependencies = (
				2DA9033219DB9C82007A6134 /* PBXTargetDependency */,
			);
			name = Sample1Tests;
			productName = Sample1Tests;
			productReference = 2DA9033019DB9C82007A6134 /* Sample1Tests.xctest */;
			productType = "com.apple.product-type.bundle.unit-test";
		};
/* End PBXNativeTarget section */

/* Begin PBXProject section */
		2DA9030F19DB9C82007A6134 /* Project object */ = {
			isa = PBXProject;
			attributes = {
				LastUpgradeCheck = 0600;
				ORGANIZATIONNAME = "Beyond. Inc,";
				TargetAttributes = {
					26061CBE19DC044500B390D0 = {
						CreatedOnToolsVersion = 6.0.1;
					};
					26061CD619DC044500B390D0 = {
						CreatedOnToolsVersion = 6.0.1;
						TestTargetID = 26061CBE19DC044500B390D0;
					};
					2DA9031619DB9C82007A6134 = {
						CreatedOnToolsVersion = 6.0.1;
					};
					2DA9032F19DB9C82007A6134 = {
						CreatedOnToolsVersion = 6.0.1;
						TestTargetID = 2DA9031619DB9C82007A6134;
					};
				};
			};
			buildConfigurationList = 2DA9031219DB9C82007A6134 /* Build configuration list for PBXProject "Sample1" */;
			compatibilityVersion = "Xcode 3.2";
			developmentRegion = English;
			hasScannedForEncodings = 0;
			knownRegions = (
				en,
				Base,
			);
			mainGroup = 2DA9030E19DB9C82007A6134;
			productRefGroup = 2DA9031819DB9C82007A6134 /* Products */;
			projectDirPath = "";
			projectRoot = "";
			targets = (
				2DA9031619DB9C82007A6134 /* Sample1 */,
				2DA9032F19DB9C82007A6134 /* Sample1Tests */,
				26061CBE19DC044500B390D0 /* GHUnitTest */,
				26061CD619DC044500B390D0 /* GHUnitTestTests */,
			);
		};
/* End PBXProject section */

/* Begin PBXResourcesBuildPhase section */
		26061CBD19DC044500B390D0 /* Resources */ = {
			isa = PBXResourcesBuildPhase;
			buildActionMask = 2147483647;
			files = (
			);
			runOnlyForDeploymentPostprocessing = 0;
		};
		26061CD519DC044500B390D0 /* Resources */ = {
			isa = PBXResourcesBuildPhase;
			buildActionMask = 2147483647;
			files = (
			);
			runOnlyForDeploymentPostprocessing = 0;
		};
		2DA9031519DB9C82007A6134 /* Resources */ = {
			isa = PBXResourcesBuildPhase;
			buildActionMask = 2147483647;
			files = (
				2DA9032619DB9C82007A6134 /* Main.storyboard in Resources */,
				2DA9032B19DB9C82007A6134 /* LaunchScreen.xib in Resources */,
				2DA9032819DB9C82007A6134 /* Images.xcassets in Resources */,
			);
			runOnlyForDeploymentPostprocessing = 0;
		};
		2DA9032E19DB9C82007A6134 /* Resources */ = {
			isa = PBXResourcesBuildPhase;
			buildActionMask = 2147483647;
			files = (
			);
			runOnlyForDeploymentPostprocessing = 0;
		};
/* End PBXResourcesBuildPhase section */

/* Begin PBXShellScriptBuildPhase section */
		148E95C19A3345EEBD35924B /* Check Pods Manifest.lock */ = {
			isa = PBXShellScriptBuildPhase;
			buildActionMask = 2147483647;
			files = (
			);
			inputPaths = (
			);
			name = "Check Pods Manifest.lock";
			outputPaths = (
			);
			runOnlyForDeploymentPostprocessing = 0;
			shellPath = /bin/sh;
			shellScript = "diff \"${PODS_ROOT}/../Podfile.lock\" \"${PODS_ROOT}/Manifest.lock\" > /dev/null\nif [[ $? != 0 ]] ; then\n    cat << EOM\nerror: The sandbox is not in sync with the Podfile.lock. Run 'pod install' or update your CocoaPods installation.\nEOM\n    exit 1\nfi\n";
			showEnvVarsInLog = 0;
		};
		284DC31D0DAAD96036682B6B /* Copy Pods Resources */ = {
			isa = PBXShellScriptBuildPhase;
			buildActionMask = 2147483647;
			files = (
			);
			inputPaths = (
			);
			name = "Copy Pods Resources";
			outputPaths = (
			);
			runOnlyForDeploymentPostprocessing = 0;
			shellPath = /bin/sh;
			shellScript = "\"${SRCROOT}/Pods/Target Support Files/Pods-Sample1/Pods-Sample1-resources.sh\"\n";
			showEnvVarsInLog = 0;
		};
/* End PBXShellScriptBuildPhase section */

/* Begin PBXSourcesBuildPhase section */
		26061CBB19DC044500B390D0 /* Sources */ = {
			isa = PBXSourcesBuildPhase;
			buildActionMask = 2147483647;
			files = (
				26061CC419DC044500B390D0 /* main.m in Sources */,
				26061CEB19DC077300B390D0 /* UtilTest.m in Sources */,
				26061CE819DC06FB00B390D0 /* Util.m in Sources */,
			);
			runOnlyForDeploymentPostprocessing = 0;
		};
		26061CD319DC044500B390D0 /* Sources */ = {
			isa = PBXSourcesBuildPhase;
			buildActionMask = 2147483647;
			files = (
				26061CDE19DC044500B390D0 /* GHUnitTestTests.m in Sources */,
			);
			runOnlyForDeploymentPostprocessing = 0;
		};
		2DA9031319DB9C82007A6134 /* Sources */ = {
			isa = PBXSourcesBuildPhase;
			buildActionMask = 2147483647;
			files = (
				2DA9032319DB9C82007A6134 /* ViewController.m in Sources */,
				2DA9032019DB9C82007A6134 /* AppDelegate.m in Sources */,
				2DA9034519DBA241007A6134 /* ModalViewController.m in Sources */,
				2DA9034219DBA230007A6134 /* PushViewController.m in Sources */,
				2DA9031D19DB9C82007A6134 /* main.m in Sources */,
				26061CE719DC06B300B390D0 /* Util.m in Sources */,
			);
			runOnlyForDeploymentPostprocessing = 0;
		};
		2DA9032C19DB9C82007A6134 /* Sources */ = {
			isa = PBXSourcesBuildPhase;
			buildActionMask = 2147483647;
			files = (
				2DA9033719DB9C82007A6134 /* Sample1Tests.m in Sources */,
			);
			runOnlyForDeploymentPostprocessing = 0;
		};
/* End PBXSourcesBuildPhase section */

/* Begin PBXTargetDependency section */
		26061CD919DC044500B390D0 /* PBXTargetDependency */ = {
			isa = PBXTargetDependency;
			target = 26061CBE19DC044500B390D0 /* GHUnitTest */;
			targetProxy = 26061CD819DC044500B390D0 /* PBXContainerItemProxy */;
		};
		2DA9033219DB9C82007A6134 /* PBXTargetDependency */ = {
			isa = PBXTargetDependency;
			target = 2DA9031619DB9C82007A6134 /* Sample1 */;
			targetProxy = 2DA9033119DB9C82007A6134 /* PBXContainerItemProxy */;
		};
/* End PBXTargetDependency section */

/* Begin PBXVariantGroup section */
		2DA9032419DB9C82007A6134 /* Main.storyboard */ = {
			isa = PBXVariantGroup;
			children = (
				2DA9032519DB9C82007A6134 /* Base */,
			);
			name = Main.storyboard;
			sourceTree = "<group>";
		};
		2DA9032919DB9C82007A6134 /* LaunchScreen.xib */ = {
			isa = PBXVariantGroup;
			children = (
				2DA9032A19DB9C82007A6134 /* Base */,
			);
			name = LaunchScreen.xib;
			sourceTree = "<group>";
		};
/* End PBXVariantGroup section */

/* Begin XCBuildConfiguration section */
		26061CDF19DC044500B390D0 /* Debug */ = {
			isa = XCBuildConfiguration;
			baseConfigurationReference = A995498E006DC5371E3C544E /* Pods-Sample1.debug.xcconfig */;
			buildSettings = {
				GCC_PREPROCESSOR_DEFINITIONS = (
					"DEBUG=1",
					"$(inherited)",
				);
				INFOPLIST_FILE = GHUnitTest/Info.plist;
				LD_RUNPATH_SEARCH_PATHS = "$(inherited) @executable_path/Frameworks";
				PRODUCT_NAME = "$(TARGET_NAME)";
			};
			name = Debug;
		};
		26061CE019DC044500B390D0 /* Release */ = {
			isa = XCBuildConfiguration;
			baseConfigurationReference = B5903CC7C2750737610A8243 /* Pods-Sample1.release.xcconfig */;
			buildSettings = {
				INFOPLIST_FILE = GHUnitTest/Info.plist;
				LD_RUNPATH_SEARCH_PATHS = "$(inherited) @executable_path/Frameworks";
				PRODUCT_NAME = "$(TARGET_NAME)";
			};
			name = Release;
		};
		26061CE119DC044500B390D0 /* Debug */ = {
			isa = XCBuildConfiguration;
			buildSettings = {
				BUNDLE_LOADER = "$(TEST_HOST)";
				FRAMEWORK_SEARCH_PATHS = (
					"$(SDKROOT)/Developer/Library/Frameworks",
					"$(inherited)",
				);
				GCC_PREPROCESSOR_DEFINITIONS = (
					"DEBUG=1",
					"$(inherited)",
				);
				INFOPLIST_FILE = GHUnitTestTests/Info.plist;
				LD_RUNPATH_SEARCH_PATHS = "$(inherited) @executable_path/Frameworks @loader_path/Frameworks";
				PRODUCT_NAME = "$(TARGET_NAME)";
				TEST_HOST = "$(BUILT_PRODUCTS_DIR)/GHUnitTest.app/GHUnitTest";
			};
			name = Debug;
		};
		26061CE219DC044500B390D0 /* Release */ = {
			isa = XCBuildConfiguration;
			buildSettings = {
				BUNDLE_LOADER = "$(TEST_HOST)";
				FRAMEWORK_SEARCH_PATHS = (
					"$(SDKROOT)/Developer/Library/Frameworks",
					"$(inherited)",
				);
				INFOPLIST_FILE = GHUnitTestTests/Info.plist;
				LD_RUNPATH_SEARCH_PATHS = "$(inherited) @executable_path/Frameworks @loader_path/Frameworks";
				PRODUCT_NAME = "$(TARGET_NAME)";
				TEST_HOST = "$(BUILT_PRODUCTS_DIR)/GHUnitTest.app/GHUnitTest";
			};
			name = Release;
		};
		2DA9033819DB9C82007A6134 /* Debug */ = {
			isa = XCBuildConfiguration;
			buildSettings = {
				ALWAYS_SEARCH_USER_PATHS = NO;
				CLANG_CXX_LANGUAGE_STANDARD = "gnu++0x";
				CLANG_CXX_LIBRARY = "libc++";
				CLANG_ENABLE_MODULES = YES;
				CLANG_ENABLE_OBJC_ARC = YES;
				CLANG_WARN_BOOL_CONVERSION = YES;
				CLANG_WARN_CONSTANT_CONVERSION = YES;
				CLANG_WARN_DIRECT_OBJC_ISA_USAGE = YES_ERROR;
				CLANG_WARN_EMPTY_BODY = YES;
				CLANG_WARN_ENUM_CONVERSION = YES;
				CLANG_WARN_INT_CONVERSION = YES;
				CLANG_WARN_OBJC_ROOT_CLASS = YES_ERROR;
				CLANG_WARN_UNREACHABLE_CODE = YES;
				CLANG_WARN__DUPLICATE_METHOD_MATCH = YES;
				"CODE_SIGN_IDENTITY[sdk=iphoneos*]" = "iPhone Developer";
				COPY_PHASE_STRIP = NO;
				ENABLE_STRICT_OBJC_MSGSEND = YES;
				GCC_C_LANGUAGE_STANDARD = gnu99;
				GCC_DYNAMIC_NO_PIC = NO;
				GCC_OPTIMIZATION_LEVEL = 0;
				GCC_PREPROCESSOR_DEFINITIONS = (
					"DEBUG=1",
					"$(inherited)",
				);
				GCC_SYMBOLS_PRIVATE_EXTERN = NO;
				GCC_WARN_64_TO_32_BIT_CONVERSION = YES;
				GCC_WARN_ABOUT_RETURN_TYPE = YES_ERROR;
				GCC_WARN_UNDECLARED_SELECTOR = YES;
				GCC_WARN_UNINITIALIZED_AUTOS = YES_AGGRESSIVE;
				GCC_WARN_UNUSED_FUNCTION = YES;
				GCC_WARN_UNUSED_VARIABLE = YES;
				IPHONEOS_DEPLOYMENT_TARGET = 8.0;
				MTL_ENABLE_DEBUG_INFO = YES;
				ONLY_ACTIVE_ARCH = YES;
				SDKROOT = iphoneos;
			};
			name = Debug;
		};
		2DA9033919DB9C82007A6134 /* Release */ = {
			isa = XCBuildConfiguration;
			buildSettings = {
				ALWAYS_SEARCH_USER_PATHS = NO;
				CLANG_CXX_LANGUAGE_STANDARD = "gnu++0x";
				CLANG_CXX_LIBRARY = "libc++";
				CLANG_ENABLE_MODULES = YES;
				CLANG_ENABLE_OBJC_ARC = YES;
				CLANG_WARN_BOOL_CONVERSION = YES;
				CLANG_WARN_CONSTANT_CONVERSION = YES;
				CLANG_WARN_DIRECT_OBJC_ISA_USAGE = YES_ERROR;
				CLANG_WARN_EMPTY_BODY = YES;
				CLANG_WARN_ENUM_CONVERSION = YES;
				CLANG_WARN_INT_CONVERSION = YES;
				CLANG_WARN_OBJC_ROOT_CLASS = YES_ERROR;
				CLANG_WARN_UNREACHABLE_CODE = YES;
				CLANG_WARN__DUPLICATE_METHOD_MATCH = YES;
				"CODE_SIGN_IDENTITY[sdk=iphoneos*]" = "iPhone Developer";
				COPY_PHASE_STRIP = YES;
				ENABLE_NS_ASSERTIONS = NO;
				ENABLE_STRICT_OBJC_MSGSEND = YES;
				GCC_C_LANGUAGE_STANDARD = gnu99;
				GCC_WARN_64_TO_32_BIT_CONVERSION = YES;
				GCC_WARN_ABOUT_RETURN_TYPE = YES_ERROR;
				GCC_WARN_UNDECLARED_SELECTOR = YES;
				GCC_WARN_UNINITIALIZED_AUTOS = YES_AGGRESSIVE;
				GCC_WARN_UNUSED_FUNCTION = YES;
				GCC_WARN_UNUSED_VARIABLE = YES;
				IPHONEOS_DEPLOYMENT_TARGET = 8.0;
				MTL_ENABLE_DEBUG_INFO = NO;
				SDKROOT = iphoneos;
				VALIDATE_PRODUCT = YES;
			};
			name = Release;
		};
		2DA9033B19DB9C82007A6134 /* Debug */ = {
			isa = XCBuildConfiguration;
			baseConfigurationReference = A995498E006DC5371E3C544E /* Pods-Sample1.debug.xcconfig */;
			buildSettings = {
				ASSETCATALOG_COMPILER_APPICON_NAME = AppIcon;
				INFOPLIST_FILE = Sample1/Info.plist;
				LD_RUNPATH_SEARCH_PATHS = "$(inherited) @executable_path/Frameworks";
				PRODUCT_NAME = "$(TARGET_NAME)";
			};
			name = Debug;
		};
		2DA9033C19DB9C82007A6134 /* Release */ = {
			isa = XCBuildConfiguration;
			baseConfigurationReference = B5903CC7C2750737610A8243 /* Pods-Sample1.release.xcconfig */;
			buildSettings = {
				ASSETCATALOG_COMPILER_APPICON_NAME = AppIcon;
				INFOPLIST_FILE = Sample1/Info.plist;
				LD_RUNPATH_SEARCH_PATHS = "$(inherited) @executable_path/Frameworks";
				PRODUCT_NAME = "$(TARGET_NAME)";
			};
			name = Release;
		};
		2DA9033E19DB9C82007A6134 /* Debug */ = {
			isa = XCBuildConfiguration;
			buildSettings = {
				BUNDLE_LOADER = "$(TEST_HOST)";
				FRAMEWORK_SEARCH_PATHS = (
					"$(SDKROOT)/Developer/Library/Frameworks",
					"$(inherited)",
				);
				GCC_PREPROCESSOR_DEFINITIONS = (
					"DEBUG=1",
					"$(inherited)",
				);
				INFOPLIST_FILE = Sample1Tests/Info.plist;
				LD_RUNPATH_SEARCH_PATHS = "$(inherited) @executable_path/Frameworks @loader_path/Frameworks";
				PRODUCT_NAME = "$(TARGET_NAME)";
				TEST_HOST = "$(BUILT_PRODUCTS_DIR)/Sample1.app/Sample1";
			};
			name = Debug;
		};
		2DA9033F19DB9C82007A6134 /* Release */ = {
			isa = XCBuildConfiguration;
			buildSettings = {
				BUNDLE_LOADER = "$(TEST_HOST)";
				FRAMEWORK_SEARCH_PATHS = (
					"$(SDKROOT)/Developer/Library/Frameworks",
					"$(inherited)",
				);
				INFOPLIST_FILE = Sample1Tests/Info.plist;
				LD_RUNPATH_SEARCH_PATHS = "$(inherited) @executable_path/Frameworks @loader_path/Frameworks";
				PRODUCT_NAME = "$(TARGET_NAME)";
				TEST_HOST = "$(BUILT_PRODUCTS_DIR)/Sample1.app/Sample1";
			};
			name = Release;
		};
/* End XCBuildConfiguration section */

/* Begin XCConfigurationList section */
		26061CE319DC044500B390D0 /* Build configuration list for PBXNativeTarget "GHUnitTest" */ = {
			isa = XCConfigurationList;
			buildConfigurations = (
				26061CDF19DC044500B390D0 /* Debug */,
				26061CE019DC044500B390D0 /* Release */,
			);
			defaultConfigurationIsVisible = 0;
			defaultConfigurationName = Release;
		};
		26061CE419DC044500B390D0 /* Build configuration list for PBXNativeTarget "GHUnitTestTests" */ = {
			isa = XCConfigurationList;
			buildConfigurations = (
				26061CE119DC044500B390D0 /* Debug */,
				26061CE219DC044500B390D0 /* Release */,
			);
			defaultConfigurationIsVisible = 0;
			defaultConfigurationName = Release;
		};
		2DA9031219DB9C82007A6134 /* Build configuration list for PBXProject "Sample1" */ = {
			isa = XCConfigurationList;
			buildConfigurations = (
				2DA9033819DB9C82007A6134 /* Debug */,
				2DA9033919DB9C82007A6134 /* Release */,
			);
			defaultConfigurationIsVisible = 0;
			defaultConfigurationName = Release;
		};
		2DA9033A19DB9C82007A6134 /* Build configuration list for PBXNativeTarget "Sample1" */ = {
			isa = XCConfigurationList;
			buildConfigurations = (
				2DA9033B19DB9C82007A6134 /* Debug */,
				2DA9033C19DB9C82007A6134 /* Release */,
			);
			defaultConfigurationIsVisible = 0;
			defaultConfigurationName = Release;
		};
		2DA9033D19DB9C82007A6134 /* Build configuration list for PBXNativeTarget "Sample1Tests" */ = {
			isa = XCConfigurationList;
			buildConfigurations = (
				2DA9033E19DB9C82007A6134 /* Debug */,
				2DA9033F19DB9C82007A6134 /* Release */,
			);
			defaultConfigurationIsVisible = 0;
			defaultConfigurationName = Release;
		};
/* End XCConfigurationList section */
	};
	rootObject = 2DA9030F19DB9C82007A6134 /* Project object */;
}
